
Microsoft Visual Studio Solution File, Format Version 12.00
# Visual Studio Version 16
VisualStudioVersion = 16.0.29020.237
MinimumVisualStudioVersion = 10.0.40219.1
Project("{FAE04EC0-301F-11D3-BF4B-00C04F79EFBC}") = "EncodingConverter", "EncodingConverter\EncodingConverter.csproj", "{8336E35C-0BD0-4ACC-9EA6-066D177AF13B}"
EndProject
Global
	GlobalSection(SolutionConfigurationPlatforms) = preSolution
		Debug|Any CPU = Debug|Any CPU
		Release|Any CPU = Release|Any CPU
	EndGlobalSection
	GlobalSection(ProjectConfigurationPlatforms) = postSolution
		{8336E35C-0BD0-4ACC-9EA6-066D177AF13B}.Debug|Any CPU.ActiveCfg = Debug|Any CPU
		{8336E35C-0BD0-4ACC-9EA6-066D177AF13B}.Debug|Any CPU.Build.0 = Debug|Any CPU
		{8336E35C-0BD0-4ACC-9EA6-066D177AF13B}.Release|Any CPU.ActiveCfg = Release|Any CPU
		{8336E35C-0BD0-4ACC-9EA6-066D177AF13B}.Release|Any CPU.Build.0 = Release|Any CPU
	EndGlobalSection
	GlobalSection(SolutionProperties) = preSolution
		HideSolutionNode = FALSE
	EndGlobalSection
	GlobalSection(ExtensibilityGlobals) = postSolution
		SolutionGuid = {38872917-21D3-4292-B017-E6A1D5E77043}
	EndGlobalSection
EndGlobal
